{
  "name": "@socialhub/pro-platform",
  "version": "11.0.0",
  "lockfileVersion": 3,
  "requires": true,
  "packages": {
    "": {
      "name": "@socialhub/pro-platform",
      "version": "11.0.0",
      "license": "MIT",
      "dependencies": {
        "@facebook/business-sdk": "^18.0.2",
        "@godaddy/terminus": "^4.12.1",
        "@google-analytics/gtag": "^1.0.0",
        "@google-cloud/firestore": "^7.12.1",
        "@google-cloud/storage": "^7.14.0",
        "@linkedin/marketing-api": "^2.4.1",
        "@panva/oauth4webapi": "^3.1.2",
        "@prisma/client": "^6.1.0",
        "@sentry/express": "^8.46.0",
        "@sentry/node": "^8.46.0",
        "@tiktok/business-sdk": "^3.0.1",
        "@twitter/api-sdk": "^2.0.1",
        "agenda": "^5.0.0",
        "axios": "^1.7.9",
        "bcryptjs": "^2.4.3",
        "bottleneck": "^2.19.5",
        "bull": "^4.16.3",
        "compression": "^1.7.4",
        "cors": "^2.8.5",
        "crypto-js": "^4.2.0",
        "csurf": "^1.11.0",
        "csv-parser": "^3.0.0",
        "date-fns": "^4.1.0",
        "dompurify": "^3.2.0",
        "dotenv": "^16.4.7",
        "express": "^4.21.2",
        "express-mongo-sanitize": "^2.2.0",
        "express-rate-limit": "^7.7.1",
        "express-slow-down": "^2.0.3",
        "express-validator": "^7.2.0",
        "facebook-business-sdk": "^18.0.2",
        "fast-csv": "^5.0.1",
        "firebase": "^12.8.1",
        "firebase-admin": "^12.8.1",
        "firebase-functions": "^6.1.1",
        "got": "^14.4.5",
        "helmet": "^9.0.1",
        "hpp": "^0.2.3",
        "instagram-basic-display": "^3.2.1",
        "ioredis": "^5.4.1",
        "joi": "^17.13.3",
        "json2csv": "^6.1.0",
        "jsonwebtoken": "^9.0.2",
        "linkedin-api-v2": "^3.1.0",
        "lodash-es": "^4.17.21",
        "mixpanel": "^0.18.0",
        "mongoose": "^8.8.3",
        "multer": "^1.4.5-lts.1",
        "newrelic": "^12.6.0",
        "node-cache": "^5.1.2",
        "node-cron": "^3.0.3",
        "node-fetch": "^3.3.2",
        "p-limit": "^6.1.0",
        "passport": "^0.7.0",
        "passport-facebook": "^3.0.0",
        "passport-google-oauth20": "^2.0.0",
        "passport-jwt": "^4.0.1",
        "passport-linkedin-oauth2": "^2.0.0",
        "passport-twitter": "^1.0.4",
        "perfume.js": "^9.5.0",
        "pino": "^9.5.0",
        "pino-http": "^11.0.0",
        "prisma": "^6.1.0",
        "prometheus-client": "^15.1.4",
        "rate-limiter-flexible": "^5.1.0",
        "redis-lock": "^0.1.4",
        "sanitize-html": "^2.14.0",
        "sharp": "^0.33.5",
        "simple-oauth2": "^5.1.0",
        "socket.io": "^4.8.1",
        "stoppable": "^1.1.0",
        "tiktok-business-api": "^2.1.0",
        "twitter-api-v2": "^1.18.2",
        "uuid": "^11.0.3",
        "validator": "^13.12.0",
        "web-vitals": "^4.2.4",
        "winston": "^3.17.0",
        "ws": "^8.18.0",
        "xss": "^1.0.15"
      },
      "devDependencies": {
        "@commitlint/cli": "^19.6.0",
        "@commitlint/config-conventional": "^19.6.0",
        "@faker-js/faker": "^9.2.0",
        "@formatjs/cli": "^6.2.15",
        "@formatjs/intl": "^2.10.7",
        "@microsoft/api-extractor": "^7.48.0",
        "@playwright/test": "^1.49.1",
        "@prettier/plugin-typescript": "^3.4.2",
        "@semantic-release/changelog": "^6.0.3",
        "@semantic-release/git": "^10.0.1",
        "@semantic-release/github": "^61.0.2",
        "@swc/core": "^1.9.2",
        "@types/bcryptjs": "^2.4.6",
        "@types/compression": "^1.7.5",
        "@types/cors": "^2.8.17",
        "@types/express": "^5.0.0",
        "@types/jsonwebtoken": "^9.0.7",
        "@types/lodash-es": "^4.17.12",
        "@types/multer": "^1.4.12",
        "@types/node": "^22.10.2",
        "@types/passport": "^1.0.16",
        "@types/passport-facebook": "^3.0.3",
        "@types/passport-google-oauth20": "^2.0.16",
        "@types/passport-jwt": "^4.0.1",
        "@types/uuid": "^10.0.0",
        "@types/ws": "^8.5.14",
        "@typescript-eslint/eslint-plugin": "^8.18.1",
        "@typescript-eslint/parser": "^8.18.1",
        "@vitest/coverage-v8": "^2.1.8",
        "@vitest/ui": "^2.1.8",
        "0x": "^5.7.0",
        "audit-ci": "^7.1.0",
        "autocannon": "^7.15.0",
        "babel-plugin-formatjs": "^10.5.18",
        "better-npm-audit": "^3.8.0",
        "bundlesize": "^0.18.2",
        "clinic": "^13.0.0",
        "commitizen": "^4.3.1",
        "concurrently": "^9.1.0",
        "conventional-changelog-cli": "^5.0.0",
        "cross-env": "^7.0.3",
        "cz-conventional-changelog": "^3.3.0",
        "dockerode": "^4.0.2",
        "esbuild": "^0.24.2",
        "eslint": "^9.17.0",
        "eslint-config-prettier": "^9.1.0",
        "eslint-plugin-import": "^2.31.0",
        "eslint-plugin-no-secrets": "^1.0.2",
        "eslint-plugin-node": "^11.1.0",
        "eslint-plugin-promise": "^7.1.0",
        "eslint-plugin-security": "^3.0.1",
        "eslint-plugin-sonarjs": "^2.0.4",
        "fsevents": "^2.3.3",
        "husky": "^9.1.7",
        "jsdoc": "^4.0.4",
        "json-schema-to-typescript": "^15.0.3",
        "license-checker": "^25.0.1",
        "lighthouse": "^12.2.1",
        "lint-staged": "^15.2.11",
        "msw": "^2.7.0",
        "nock": "^14.0.0",
        "nodemon": "^3.1.7",
        "openapi-typescript": "^7.4.3",
        "playwright": "^1.49.1",
        "pm2": "^5.4.3",
        "prettier": "^3.4.2",
        "prettier-plugin-organize-imports": "^4.1.0",
        "pwa-asset-generator": "^6.3.2",
        "rimraf": "^6.0.1",
        "rollup": "^4.28.1",
        "rollup-plugin-analyzer": "^4.0.0",
        "rollup-plugin-commonjs": "^26.0.3",
        "rollup-plugin-node-resolve": "^15.3.0",
        "rollup-plugin-terser": "^7.0.2",
        "secretlint": "^8.4.0",
        "semantic-release": "^24.18.0",
        "sinon": "^19.0.2",
        "size-limit": "^11.1.6",
        "snyk": "^1.1294.0",
        "sort-package-json": "^2.10.1",
        "supertest": "^7.0.0",
        "swagger-jsdoc": "^6.2.8",
        "swagger-ui-express": "^5.0.1",
        "ts-node": "^10.9.2",
        "tsx": "^4.19.2",
        "typedoc": "^0.27.5",
        "typescript": "^5.7.2",
        "vite": "^6.0.7",
        "vite-plugin-dts": "^4.3.0",
        "vite-tsconfig-paths": "^5.1.3",
        "vitest": "^2.1.8",
        "vitest-mock": "^2.1.8",
        "wait-on": "^8.0.1",
        "web-app-manifest": "^1.0.0",
        "webpack-bundle-analyzer": "^4.10.2",
        "workbox-webpack-plugin": "^7.1.0"
      },
      "optionalDependencies": {
        "@swc/core": "^1.9.2",
        "fsevents": "^2.3.3"
      },
      "engines": {
        "node": ">=20.18.0",
        "npm": ">=10.9.0",
        "yarn": ">=4.0.0"
      }
    },
    "node_modules/@aashutoshrathi/word-wrap": {
      "version": "1.2.6",
      "resolved": "https://registry.npmjs.org/@aashutoshrathi/word-wrap/-/word-wrap-1.2.6.tgz",
      "integrity": "sha512-1Yjs2SvM8TflER/OD3cOjhWWOZb58A2t7wpE2S9XfBYTiIl+XFhQG2bjy4Pu1I+EAlCNUzRDYDdFwFYUKvXcIA==",
      "dev": true,
      "engines": {
        "node": ">=0.10.0"
      }
    },
    "node_modules/@babel/code-frame": {
      "version": "7.26.2",
      "resolved": "https://registry.npmjs.org/@babel/code-frame/-/code-frame-7.26.2.tgz",
      "integrity": "sha512-RJlIHRueQgwWitWgF8OdFYGZX328Ax5BCemNGlqHfplnRT9ESi8JkFlvaVaK-1TAH2svG7mU8H7RpAQpb7y8Aw==",
      "dependencies": {
        "@babel/highlight": "^7.26.0",
        "picocolors": "^1.0.0"
      },
      "engines": {
        "node": ">=6.9.0"
      }
    },
    "node_modules/@babel/helper-validator-identifier": {
      "version": "7.25.9",
      "resolved": "https://registry.npmjs.org/@babel/helper-validator-identifier/-/helper-validator-identifier-7.25.9.tgz",
      "integrity": "sha512-Ed61U6XJc3CVRfkERJWDz4dJwKe7iLmmwtXFmOnCyUEV6dM3DFN8zZIDaVPjHJ4oTOhKw9GU6R6sCJjbZe8Kou==",
      "engines": {
        "node": ">=6.9.0"
      }
    },
    "node_modules/@babel/highlight": {
      "version": "7.25.9",
      "resolved": "https://registry.npmjs.org/@babel/highlight/-/highlight-7.25.9.tgz",
      "integrity": "sha512-llBKdGxIRyU9b4tgzjzTxBzCbRa3j7CdRqJOkQN4D9I/fqOvL/5xcjuFd10tVBQCWjyy8M1iOsEV5llVd0FoA==",
      "dependencies": {
        "@babel/helper-validator-identifier": "^7.25.9",
        "chalk": "^2.4.2",
        "js-tokens": "^4.0.0",
        "picocolors": "^1.0.0"
      },
      "engines": {
        "node": ">=6.9.0"
      }
    },
    "node_modules/@babel/runtime": {
      "version": "7.26.0",
      "resolved": "https://registry.npmjs.org/@babel/runtime/-/runtime-7.26.0.tgz",
      "integrity": "sha512-FDSOghenHTiToteC/QRlv2q3DhPZ/oOXTBoirfWNx1Cx3TMVcGWQtMMmQcSvb/JjpNeGzx8Pq/b4fKEJuWm1sw==",
      "dependencies": {
        "regenerator-runtime": "^0.14.0"
      },
      "engines": {
        "node": ">=6.9.0"
      }
    },
    "node_modules/@colors/colors": {
      "version": "1.6.0",
      "resolved": "https://registry.npmjs.org/@colors/colors/-/colors-1.6.0.tgz",
      "integrity": "sha512-Ir+AOibqzrIsL6ajt3Rz3LskB7OiMVHqltZmspbW/TJuTVuyOMirVqAkjfY6JISiLHgyNqicAC8AyHHGzNd/dA==",
      "engines": {
        "node": ">=0.1.90"
      }
    },
    "node_modules/@commitlint/cli": {
      "version": "19.6.0",
      "resolved": "https://registry.npmjs.org/@commitlint/cli/-/cli-19.6.0.tgz",
      "integrity": "sha512-v13FClBFZyUTx2zD4TH5lxvDdwgCYc1iDEy5HKAC0m+8M2YuBo13VU9N2YWHB6b3q4G4WnFaQHNkq9oE0GZbYg==",
      "dev": true,
      "dependencies": {
        "@commitlint/format": "^19.6.0",
        "@commitlint/lint": "^19.6.0",
        "@commitlint/load": "^19.6.0",
        "@commitlint/read": "^19.6.0",
        "@commitlint/types": "^19.6.0",
        "execa": "^8.0.1",
        "yargs": "^17.0.0"
      },
      "bin": {
        "commitlint": "cli.js"
      },
      "engines": {
        "node": ">=18"
      }
    },
    "node_modules/@facebook/business-sdk": {
      "version": "18.0.2",
      "resolved": "https://registry.npmjs.org/@facebook/business-sdk/-/business-sdk-18.0.2.tgz",
      "integrity": "sha512-R8BKgEZ7Pw4OZq5N9Ux3V+YX2C7Ot0J8HgE/5Z3Q1UUFqR2pDCt7R0W9oC6VZN8nLgAF1QsNWmT3JFGKJ8zXtQ==",
      "dependencies": {
        "axios": "^1.6.0",
        "crypto-js": "^4.1.1",
        "uuid": "^9.0.0"
      },
      "engines": {
        "node": ">=14.0.0"
      }
    },
    "node_modules/@firebase/app": {
      "version": "1.0.8",
      "resolved": "https://registry.npmjs.org/@firebase/app/-/app-1.0.8.tgz",
      "integrity": "sha512-vr+3W3l7p4PHVFZ2r4eTpfJJ7aHb0dJaZs8tI8VzqHPGdVRnZ5WUXDdC8o7X8/xNdVVQRoLR/HqNBtB3xb2iZQ==",
      "dependencies": {
        "@firebase/component": "1.0.2",
        "@firebase/logger": "1.0.2",
        "@firebase/util": "2.1.2",
        "idb": "8.0.0",
        "tslib": "^2.1.0"
      }
    },
    "node_modules/@firebase/auth": {
      "version": "1.8.1",
      "resolved": "https://registry.npmjs.org/@firebase/auth/-/auth-1.8.1.tgz",
      "integrity": "sha512-+g1qs4r6nvMD5f9gIvuX7Q6q2g3X4V7EHuTgB6pMb0KKLnBjP2M3J3EO95v9SZdWWVE7p0zQGGvFCIlYhpwE8A==",
      "dependencies": {
        "@firebase/component": "1.0.2",
        "@firebase/logger": "1.0.2",
        "@firebase/util": "2.1.2",
        "undici": "6.20.1"
      },
      "peerDependencies": {
        "@firebase/app": "1.x"
      }
    },
    "node_modules/@firebase/component": {
      "version": "1.0.2",
      "resolved": "https://registry.npmjs.org/@firebase/component/-/component-1.0.2.tgz",
      "integrity": "sha512-3Y+ctM77JE/95KR1j5OmfHgNlS5hcyRDzI6kGlGmFGLgw2RX0b5fHllDO+CnEGkOXAUJyHI5QSUKCn5CDOJ4YQ==",
      "dependencies": {
        "@firebase/util": "2.1.2",
        "tslib": "^2.1.0"
      }
    },
    "node_modules/@google-cloud/firestore": {
      "version": "7.12.1",
      "resolved": "https://registry.npmjs.org/@google-cloud/firestore/-/firestore-7.12.1.tgz",
      "integrity": "sha512-t8h8H3iQJcl8uMJmVL3yOp9g1FJ7mSBQs7F2XWe6zYJdTa3C8rlWW2HQOyKoiV+HWGsE9+fkI7nXJ5gmpxXMNg==",
      "dependencies": {
        "fast-deep-equal": "^3.1.1",
        "functional-red-black-tree": "^1.0.1",
        "google-gax": "^4.3.3",
        "protobufjs": "^7.2.4"
      },
      "engines": {
        "node": ">=18.0.0"
      }
    },
    "node_modules/@google-cloud/storage": {
      "version": "7.14.0",
      "resolved": "https://registry.npmjs.org/@google-cloud/storage/-/storage-7.14.0.tgz",
      "integrity": "sha512-C1FjgjIFjPWCpYSgEQ8zcLCzx9pjHMUixVdMg+N8aK8qBK1P5QZB8H0X5q/zepZEw+kJNtk4xhOWKCr0/6MFUQ==",
      "dependencies": {
        "@google-cloud/paginator": "^5.0.0",
        "@google-cloud/projectify": "^4.0.0",
        "@google-cloud/promisify": "^4.0.0",
        "abort-controller": "^3.0.0",
        "async": "^3.2.2",
        "compressible": "^2.0.12",
        "duplexify": "^4.0.0",
        "ent": "^2.2.0",
        "extend": "^3.0.2",
        "gaxios": "^6.0.0",
        "google-auth-library": "^9.0.0",
        "html-escaper": "^2.0.0",
        "mime": "^3.0.0",
        "mime-types": "^2.0.8",
        "p-limit": "^3.0.1",
        "retry-request": "^7.0.0",
        "teeny-request": "^9.0.0",
        "uuid": "^10.0.0"
      },
      "engines": {
        "node": ">=18"
      }
    },
    "node_modules/@sentry/core": {
      "version": "8.46.0",
      "resolved": "https://registry.npmjs.org/@sentry/core/-/core-8.46.0.tgz",
      "integrity": "sha512-uvs9bm05Wbkml2WEHWiSXxpbRXCrw3hxV0WBNJZFJJZVfDZhzHXC3hRQJnE3F3/C8K2h8VHSw7kKdWd3Br5bCQ==",
      "dependencies": {
        "@sentry/types": "8.46.0",
        "@sentry/utils": "8.46.0"
      },
      "engines": {
        "node": ">=14.18"
      }
    },
    "node_modules/@sentry/express": {
      "version": "8.46.0",
      "resolved": "https://registry.npmjs.org/@sentry/express/-/express-8.46.0.tgz",
      "integrity": "sha512-05kB8+1BclF6Z0F4w1UaKRNOo2nE6xCLlmFJy1oCmKz8yWnS7SkNaXfLLKKqgPX1tBpaTr8+BxPXWzawKuBdFg==",
      "dependencies": {
        "@sentry/core": "8.46.0",
        "@sentry/node": "8.46.0",
        "@sentry/types": "8.46.0",
        "@sentry/utils": "8.46.0"
      },
      "engines": {
        "node": ">=14.18"
      },
      "peerDependencies": {
        "express": "^4.17.1 || ^5.0.0"
      }
    },
    "node_modules/@sentry/node": {
      "version": "8.46.0",
      "resolved": "https://registry.npmjs.org/@sentry/node/-/node-8.46.0.tgz",
      "integrity": "sha512-A6u/UrPwjQjEEQbGH3D37zGlPvFGFd4XQ2nfxDjDe8FnwLzpODKBCW+YoB3NyLlUm3U7C1Obi1zV6a2CdCH7Yg==",
      "dependencies": {
        "@sentry/core": "8.46.0",
        "@sentry/integrations": "8.46.0",
        "@sentry/types": "8.46.0",
        "@sentry/utils": "8.46.0",
        "import-in-the-middle": "1.11.2"
      },
      "engines": {
        "node": ">=14.18"
      }
    },
    "node_modules/@tiktok/business-sdk": {
      "version": "3.0.1",
      "resolved": "https://registry.npmjs.org/@tiktok/business-sdk/-/business-sdk-3.0.1.tgz",
      "integrity": "sha512-ZkR5GfA7NgX8/M4Q4rPc8V6fh8Z3K0gH4m0CzP2NyLO9EGF2hWFNMtYpSNw7RQVU2g1MYnzgQ5tJ9KAXBGnEg==",
      "dependencies": {
        "axios": "^1.6.0",
        "crypto-js": "^4.1.1",
        "qs": "^6.11.0"
      },
      "engines": {
        "node": ">=16.0.0"
      }
    },
    "node_modules/@twitter/api-sdk": {
      "version": "2.0.1",
      "resolved": "https://registry.npmjs.org/@twitter/api-sdk/-/api-sdk-2.0.1.tgz",
      "integrity": "sha512-PqXXROHwLHYvFzRrSJ1p7g/cHCUKz2xk1T8P6VqZ7P+VWt4MG2YfF4oqXrRqsV3Qh8P+YgXnXRLORD6Qfr8a4w==",
      "dependencies": {
        "axios": "^1.6.0",
        "oauth": "^0.10.0"
      },
      "engines": {
        "node": ">=16.0.0"
      }
    },
    "node_modules/axios": {
      "version": "1.7.9",
      "resolved": "https://registry.npmjs.org/axios/-/axios-1.7.9.tgz",
      "integrity": "sha512-LhLcE7Op0JcZHSdl8/Ag3bI8AEbOHBCG7xGOlBFOPzWyWmFKNnKgDKnZ3TIaZVqnbq4K2tMJbZi4TF1EhfM8nA==",
      "dependencies": {
        "follow-redirects": "^1.15.6",
        "form-data": "^4.0.0",
        "proxy-from-env": "^1.1.0"
      }
    },
    "node_modules/bcryptjs": {
      "version": "2.4.3",
      "resolved": "https://registry.npmjs.org/bcryptjs/-/bcryptjs-2.4.3.tgz",
      "integrity": "sha512-V/Hy/X9Vt7f3BbPJEi8BdVFMByHi+jNXrYkW3huaybV/kQ0KJg0Y6PkEMbn+zeT+i+SiKZ/HMqJGIIt4LZDqNQ=="
    },
    "node_modules/compression": {
      "version": "1.7.4",
      "resolved": "https://registry.npmjs.org/compression/-/compression-1.7.4.tgz",
      "integrity": "sha512-jaSIDzP9pZVS4ZfQ+TzvtiWhdpFhE2RDHz8QJkpX9SIpLq88VueF5jJw6t+6CUQcAoA6t+x89MLrWAqpfDE8iQ==",
      "dependencies": {
        "accepts": "~1.3.5",
        "bytes": "3.0.0",
        "compressible": "~2.0.16",
        "debug": "2.6.9",
        "on-headers": "~1.0.2",
        "safe-buffer": "5.1.2",
        "vary": "~1.1.2"
      },
      "engines": {
        "node": ">= 0.8.0"
      }
    },
    "node_modules/cors": {
      "version": "2.8.5",
      "resolved": "https://registry.npmjs.org/cors/-/cors-2.8.5.tgz",
      "integrity": "sha512-KIHbLJqu73RGr/hnbrO9uBeixNGuvSQjul/jdFvS/KFSIH1hWVd1ng7zOHx+YrEfInLG7q4n6GHQ9cDtxv/P6g==",
      "dependencies": {
        "object-assign": "^4",
        "vary": "^1"
      },
      "engines": {
        "node": ">= 0.10"
      }
    },
    "node_modules/crypto-js": {
      "version": "4.2.0",
      "resolved": "https://registry.npmjs.org/crypto-js/-/crypto-js-4.2.0.tgz",
      "integrity": "sha512-KALDyEYYF9jlI/35d8xJqhb4yEKOjGLzJn8eIvJ1nMgryOtw2oXDhVJn5j1L3EWy2VlNiMPjR9N+dIhpN2TQQ=="
    },
    "node_modules/dotenv": {
      "version": "16.4.7",
      "resolved": "https://registry.npmjs.org/dotenv/-/dotenv-16.4.7.tgz",
      "integrity": "sha512-47qPchRCykZC03FhkYAhrvwU4xDBFIj1QPqaarj6mdM/hgUzfPHcpkHJOn3mJAufFeeAxAzeGsr5X0M4k6fLZQ==",
      "engines": {
        "node": ">=12"
      },
      "funding": {
        "url": "https://dotenvx.com"
      }
    },
    "node_modules/express": {
      "version": "4.21.2",
      "resolved": "https://registry.npmjs.org/express/-/express-4.21.2.tgz",
      "integrity": "sha512-28HqgMZAmih1Czt9ny7qr6ek2qddF4FclbMzwhCREB6OFfH+rXAnuNCwo1/wFvrtbgsQDb4kSbX9de9lFbrXnA==",
      "dependencies": {
        "accepts": "~1.3.8",
        "array-flatten": "1.1.1",
        "body-parser": "1.20.3",
        "content-disposition": "0.5.4",
        "content-type": "~1.0.4",
        "cookie": "0.7.1",
        "cookie-signature": "1.0.6",
        "debug": "2.6.9",
        "depd": "2.0.0",
        "encodeurl": "~2.0.0",
        "escape-html": "~1.0.3",
        "etag": "~1.8.1",
        "finalhandler": "1.3.1",
        "fresh": "0.5.2",
        "http-errors": "2.0.0",
        "merge-descriptors": "1.0.3",
        "methods": "~1.1.2",
        "on-finished": "2.4.1",
        "parseurl": "~1.3.3",
        "path-to-regexp": "0.1.12",
        "proxy-addr": "~2.0.7",
        "qs": "6.13.0",
        "range-parser": "~1.2.1",
        "safe-buffer": "5.2.1",
        "send": "0.19.0",
        "serve-static": "1.16.2",
        "setprototypeof": "1.2.0",
        "statuses": "2.0.1",
        "type-is": "~1.6.18",
        "utils-merge": "1.0.1",
        "vary": "~1.1.2"
      },
      "engines": {
        "node": ">= 0.10.0"
      }
    },
    "node_modules/firebase": {
      "version": "12.8.1",
      "resolved": "https://registry.npmjs.org/firebase/-/firebase-12.8.1.tgz",
      "integrity": "sha512-KAjOTtI7kAOmfVjP3x7LF+jQCfGjdvRrUJkqO6YBuE2xkz6YYR2pV3VlrNaQDOYQBHjzqgbNHKOojCbOqNwZKg==",
      "dependencies": {
        "@firebase/analytics": "1.0.12",
        "@firebase/analytics-compat": "1.0.12",
        "@firebase/app": "1.0.8",
        "@firebase/app-check": "1.0.10",
        "@firebase/app-check-compat": "1.0.10",
        "@firebase/app-compat": "1.0.8",
        "@firebase/auth": "1.8.1",
        "@firebase/auth-compat": "1.8.1",
        "@firebase/database": "1.0.11",
        "@firebase/database-compat": "1.0.11",
        "@firebase/firestore": "4.9.0",
        "@firebase/firestore-compat": "1.0.8",
        "@firebase/functions": "1.0.10",
        "@firebase/functions-compat": "1.0.10",
        "@firebase/installations": "1.0.10",
        "@firebase/installations-compat": "1.0.10",
        "@firebase/messaging": "1.0.13",
        "@firebase/messaging-compat": "1.0.13",
        "@firebase/performance": "1.0.11",
        "@firebase/performance-compat": "1.0.11",
        "@firebase/remote-config": "1.0.11",
        "@firebase/remote-config-compat": "1.0.11",
        "@firebase/storage": "1.0.11",
        "@firebase/storage-compat": "1.0.11",
        "@firebase/util": "2.1.2",
        "@firebase/vertexai": "1.0.9"
      }
    },
    "node_modules/firebase-admin": {
      "version": "12.8.1",
      "resolved": "https://registry.npmjs.org/firebase-admin/-/firebase-admin-12.8.1.tgz",
      "integrity": "sha512-N5Yz7bVYUeGVQ7uqLN1TBczCJ6iWq5O7GbWi3MU1G3XEv/7ZsYI3wJz+2Z+6QSrPl3xgV+LMmGXmz7TGgL4xaQ==",
      "dependencies": {
        "@fastify/busboy": "^2.1.0",
        "@firebase/database-compat": "^1.0.2",
        "@firebase/database-types": "^1.0.0",
        "@types/node": ">=18.0.0",
        "jsonwebtoken": "^9.0.0",
        "jwks-rsa": "^3.1.0",
        "long": "^5.2.1",
        "node-forge": "^1.3.1",
        "uuid": "^10.0.0"
      },
      "engines": {
        "node": ">=18"
      },
      "optionalDependencies": {
        "@google-cloud/firestore": "^7.1.0",
        "@google-cloud/storage": "^7.7.0"
      }
    },
    "node_modules/helmet": {
      "version": "9.0.1",
      "resolved": "https://registry.npmjs.org/helmet/-/helmet-9.0.1.tgz",
      "integrity": "sha512-kpwxWi2JEKx7+N/QzA+xsb7wZRPBg+Z5N1Lb6sQ7h8TU5ZrAGpCUdvLQTPDCd2VfVdSqjNRObCBDTNIoGGEZmQ==",
      "engines": {
        "node": ">=18.0.0"
      }
    },
    "node_modules/ioredis": {
      "version": "5.4.1",
      "resolved": "https://registry.npmjs.org/ioredis/-/ioredis-5.4.1.tgz",
      "integrity": "sha512-2YZsvl7jopIa1gaePkeMtd9rAcSjOOjPtpcLlOeusyO+Dtyr0PhVW7LIKeP+9KH7RQfGgqBEhPP9rN2rme+/Ew==",
      "dependencies": {
        "@ioredis/commands": "^1.1.1",
        "cluster-key-slot": "^1.1.0",
        "debug": "^4.3.4",
        "denque": "^2.1.0",
        "lodash.defaults": "^4.2.0",
        "lodash.isarguments": "^3.1.0",
        "redis-errors": "^1.2.0",
        "redis-parser": "^3.0.0"
      },
      "engines": {
        "node": ">=12.22.0"
      },
      "funding": {
        "type": "opencollective",
        "url": "https://opencollective.com/ioredis"
      }
    },
    "node_modules/jsonwebtoken": {
      "version": "9.0.2",
      "resolved": "https://registry.npmjs.org/jsonwebtoken/-/jsonwebtoken-9.0.2.tgz",
      "integrity": "sha512-PRp66vJ865SSqOlgqS8hujT5U4AOgMfhrwYIuIhfKaoSCZcirrmASQr8CX7cUg+RMih+hgznrjp99o+W4pJLHQ==",
      "dependencies": {
        "jws": "^3.2.2",
        "lodash.includes": "^4.3.0",
        "lodash.isboolean": "^3.0.3",
        "lodash.isinteger": "^4.0.4",
        "lodash.isnumber": "^3.0.3",
        "lodash.isplainobject": "^4.0.6",
        "lodash.isstring": "^4.0.1",
        "lodash.once": "^4.0.0",
        "ms": "^2.1.1",
        "semver": "^7.5.4"
      },
      "engines": {
        "node": ">=12",
        "npm": ">=6"
      }
    },
    "node_modules/mongoose": {
      "version": "8.8.3",
      "resolved": "https://registry.npmjs.org/mongoose/-/mongoose-8.8.3.tgz",
      "integrity": "sha512-3QnN8nZfvbKM2zq2JZbH1xnA5+3Dd2/j+zW8T/+BKPiXSDFa/5QgSRdQM2tYo7nCNr5mYb9r5P2eS1nOhLNaSg==",
      "dependencies": {
        "bson": "^6.7.0",
        "kareem": "2.6.3",
        "mongodb": "6.10.0",
        "mpath": "0.9.0",
        "mquery": "5.0.0",
        "ms": "2.1.3",
        "sift": "17.1.3"
      },
      "engines": {
        "node": ">=16.20.1"
      },
      "funding": {
        "type": "opencollective",
        "url": "https://opencollective.com/mongoose"
      }
    },
    "node_modules/node-fetch": {
      "version": "3.3.2",
      "resolved": "https://registry.npmjs.org/node-fetch/-/node-fetch-3.3.2.tgz",
      "integrity": "sha512-dRB78srN/l6gqWulah9SrxeYnxeddIG30+GOqK/9OlLVyLg3HPnr6SqOWTWOXKRwC2eGYCkZ59NNuSgvSrpgOA==",
      "dependencies": {
        "data-uri-to-buffer": "^4.0.0",
        "fetch-blob": "^3.1.4",
        "formdata-polyfill": "^4.0.10"
      },
      "engines": {
        "node": "^12.20.0 || ^14.13.1 || >=16.0.0"
      },
      "funding": {
        "type": "opencollective",
        "url": "https://opencollective.com/node-fetch"
      }
    },
    "node_modules/typescript": {
      "version": "5.7.2",
      "resolved": "https://registry.npmjs.org/typescript/-/typescript-5.7.2.tgz",
      "integrity": "sha512-i5t66RHxDvVN40HfDd1PsEThGNnlMCMT3jMUuoh9/0TaqWevNontacunWyN02LA9/fIbEWlcHZcgTKb9QoaLfg==",
      "dev": true,
      "bin": {
        "tsc": "bin/tsc",
        "tsserver": "bin/tsserver"
      },
      "engines": {
        "node": ">=14.17"
      }
    },
    "node_modules/uuid": {
      "version": "11.0.3",
      "resolved": "https://registry.npmjs.org/uuid/-/uuid-11.0.3.tgz",
      "integrity": "sha512-d0z310fCWv5dJwnX1Y/MncBAqGMKEzlBb1AOf7z9K8ALnd0utBX/msg/fA0+sbyN1ihbMsLhrBlnl1ak7Wa0rg==",
      "funding": [
        "https://github.com/sponsors/broofa",
        "https://github.com/sponsors/ctavan"
      ],
      "bin": {
        "uuid": "dist/esm/bin/uuid"
      }
    },
    "node_modules/vite": {
      "version": "6.0.7",
      "resolved": "https://registry.npmjs.org/vite/-/vite-6.0.7.tgz",
      "integrity": "sha512-cX27BaNYY5Kd9bZ8P9jAWOZO19qouqC2sG7m7eqYgjzP/Pk6QTGkI4m4TlIcWbNxSJAAIFuGvH+4T3yJ9rU5Lg==",
      "dev": true,
      "dependencies": {
        "esbuild": "^0.24.0",
        "postcss": "^8.4.49",
        "rollup": "^4.23.0"
      },
      "bin": {
        "vite": "bin/vite.js"
      },
      "engines": {
        "node": "^18.0.0 || ^20.0.0 || >=22.0.0"
      },
      "funding": {
        "url": "https://github.com/vitejs/vite?sponsor=1"
      },
      "optionalDependencies": {
        "fsevents": "~2.3.3"
      },
      "peerDependencies": {
        "@types/node": "^18.0.0 || ^20.0.0 || >=22.0.0",
        "less": "*",
        "lightningcss": "^1.21.0",
        "sass": "*",
        "sass-embedded": "*",
        "stylus": "*",
        "sugarss": "*",
        "terser": "*"
      },
      "peerDependenciesMeta": {
        "@types/node": {
          "optional": true
        },
        "less": {
          "optional": true
        },
        "lightningcss": {
          "optional": true
        },
        "sass": {
          "optional": true
        },
        "sass-embedded": {
          "optional": true
        },
        "stylus": {
          "optional": true
        },
        "sugarss": {
          "optional": true
        },
        "terser": {
          "optional": true
        }
      }
    }
  }
}